
Microsoft Visual Studio Solution File, Format Version 12.00
# Visual Studio Version 16
VisualStudioVersion = 16.0.31005.135
MinimumVisualStudioVersion = 10.0.40219.1
Project("{FAE04EC0-301F-11D3-BF4B-00C04F79EFBC}") = "P50-1-19", "P50-1-19\P50-1-19.csproj", "{D106DB49-C1A9-49F7-8C58-89E61D14DA93}"
EndProject
Global
	GlobalSection(SolutionConfigurationPlatforms) = preSolution
		Debug|Any CPU = Debug|Any CPU
		Release|Any CPU = Release|Any CPU
	EndGlobalSection
	GlobalSection(ProjectConfigurationPlatforms) = postSolution
		{D106DB49-C1A9-49F7-8C58-89E61D14DA93}.Debug|Any CPU.ActiveCfg = Debug|Any CPU
		{D106DB49-C1A9-49F7-8C58-89E61D14DA93}.Debug|Any CPU.Build.0 = Debug|Any CPU
		{D106DB49-C1A9-49F7-8C58-89E61D14DA93}.Release|Any CPU.ActiveCfg = Release|Any CPU
		{D106DB49-C1A9-49F7-8C58-89E61D14DA93}.Release|Any CPU.Build.0 = Release|Any CPU
	EndGlobalSection
	GlobalSection(SolutionProperties) = preSolution
		HideSolutionNode = FALSE
	EndGlobalSection
	GlobalSection(ExtensibilityGlobals) = postSolution
		SolutionGuid = {D2D0BF0D-C9BA-4791-B09A-814B7E5E58D0}
	EndGlobalSection
EndGlobal
